
Microsoft Visual Studio Solution File, Format Version 12.00
Project("{FAE04EC0-301F-11D3-BF4B-00C04F79EFBC}") = "ExamSolution", "ExamSolution\ExamSolution.csproj", "{FDEC881E-FBBF-4519-95A9-538504000CAE}"
EndProject
Global
	GlobalSection(SolutionConfigurationPlatforms) = preSolution
		Debug|Any CPU = Debug|Any CPU
		Release|Any CPU = Release|Any CPU
	EndGlobalSection
	GlobalSection(ProjectConfigurationPlatforms) = postSolution
		{FDEC881E-FBBF-4519-95A9-538504000CAE}.Debug|Any CPU.ActiveCfg = Debug|Any CPU
		{FDEC881E-FBBF-4519-95A9-538504000CAE}.Debug|Any CPU.Build.0 = Debug|Any CPU
		{FDEC881E-FBBF-4519-95A9-538504000CAE}.Release|Any CPU.ActiveCfg = Release|Any CPU
		{FDEC881E-FBBF-4519-95A9-538504000CAE}.Release|Any CPU.Build.0 = Release|Any CPU
	EndGlobalSection
EndGlobal
